
Microsoft Visual Studio Solution File, Format Version 12.00
# Visual Studio 15
Project("{FAE04EC0-301F-11D3-BF4B-00C04F79EFBC}") = "Task1", "Task1\Task1.csproj", "{B7B9E1B9-FE59-4535-B28D-79E0E9F8BE17}"
EndProject
Project("{FAE04EC0-301F-11D3-BF4B-00C04F79EFBC}") = "OutputCustomerDataTests", "OutputCustomerDataTests\OutputCustomerDataTests.csproj", "{FE464A16-ABA7-4172-B53C-1A390F95CD74}"
EndProject
Global
	GlobalSection(SolutionConfigurationPlatforms) = preSolution
		Debug|Any CPU = Debug|Any CPU
		Release|Any CPU = Release|Any CPU
	EndGlobalSection
	GlobalSection(ProjectConfigurationPlatforms) = postSolution
		{B7B9E1B9-FE59-4535-B28D-79E0E9F8BE17}.Debug|Any CPU.ActiveCfg = Debug|Any CPU
		{B7B9E1B9-FE59-4535-B28D-79E0E9F8BE17}.Debug|Any CPU.Build.0 = Debug|Any CPU
		{B7B9E1B9-FE59-4535-B28D-79E0E9F8BE17}.Release|Any CPU.ActiveCfg = Release|Any CPU
		{B7B9E1B9-FE59-4535-B28D-79E0E9F8BE17}.Release|Any CPU.Build.0 = Release|Any CPU
		{FE464A16-ABA7-4172-B53C-1A390F95CD74}.Debug|Any CPU.ActiveCfg = Debug|Any CPU
		{FE464A16-ABA7-4172-B53C-1A390F95CD74}.Debug|Any CPU.Build.0 = Debug|Any CPU
		{FE464A16-ABA7-4172-B53C-1A390F95CD74}.Release|Any CPU.ActiveCfg = Release|Any CPU
		{FE464A16-ABA7-4172-B53C-1A390F95CD74}.Release|Any CPU.Build.0 = Release|Any CPU
	EndGlobalSection
EndGlobal
