
Microsoft Visual Studio Solution File, Format Version 12.00
# Visual Studio 15
Project("{FAE04EC0-301F-11D3-BF4B-00C04F79EFBC}") = "Task2", "Task2\Task2.csproj", "{65B8B284-2F60-4F1E-95DB-18AA57ACEEFC}"
EndProject
Global
	GlobalSection(SolutionConfigurationPlatforms) = preSolution
		Debug|Any CPU = Debug|Any CPU
		Release|Any CPU = Release|Any CPU
	EndGlobalSection
	GlobalSection(ProjectConfigurationPlatforms) = postSolution
		{65B8B284-2F60-4F1E-95DB-18AA57ACEEFC}.Debug|Any CPU.ActiveCfg = Debug|Any CPU
		{65B8B284-2F60-4F1E-95DB-18AA57ACEEFC}.Debug|Any CPU.Build.0 = Debug|Any CPU
		{65B8B284-2F60-4F1E-95DB-18AA57ACEEFC}.Release|Any CPU.ActiveCfg = Release|Any CPU
		{65B8B284-2F60-4F1E-95DB-18AA57ACEEFC}.Release|Any CPU.Build.0 = Release|Any CPU
	EndGlobalSection
EndGlobal
