
Microsoft Visual Studio Solution File, Format Version 12.00
# Visual Studio 15
Project("{FAE04EC0-301F-11D3-BF4B-00C04F79EFBC}") = "Task6", "Task6\Task6.csproj", "{801CB859-5CA1-4BB1-9761-7A20449DDD24}"
EndProject
Global
	GlobalSection(SolutionConfigurationPlatforms) = preSolution
		Debug|Any CPU = Debug|Any CPU
		Release|Any CPU = Release|Any CPU
	EndGlobalSection
	GlobalSection(ProjectConfigurationPlatforms) = postSolution
		{801CB859-5CA1-4BB1-9761-7A20449DDD24}.Debug|Any CPU.ActiveCfg = Debug|Any CPU
		{801CB859-5CA1-4BB1-9761-7A20449DDD24}.Debug|Any CPU.Build.0 = Debug|Any CPU
		{801CB859-5CA1-4BB1-9761-7A20449DDD24}.Release|Any CPU.ActiveCfg = Release|Any CPU
		{801CB859-5CA1-4BB1-9761-7A20449DDD24}.Release|Any CPU.Build.0 = Release|Any CPU
	EndGlobalSection
EndGlobal
